// !$*UTF8*$!
{
	archiveVersion = 1;
	classes = {
	};
	objectVersion = 46;
	objects = {

/* Begin PBXBuildFile section */
		0AA45BAA595449BE969173CB /* pEdgeDetector.cpp in Sources */ = {isa = PBXBuildFile; fileRef = 40BCB42871B04139A4D84FC7 /* pEdgeDetector.cpp */; settings = {COMPILER_FLAGS = ""; }; };
		1EB1B4AC038F455384AB5905 /* pEdgeLinking.cpp in Sources */ = {isa = PBXBuildFile; fileRef = 52FFE68A9E9143C993343107 /* pEdgeLinking.cpp */; settings = {COMPILER_FLAGS = ""; }; };
		34954110D0E244BAA9D4E61C /* RidgeDetector.cpp in Sources */ = {isa = PBXBuildFile; fileRef = FED24286622446FCB070DBCF /* RidgeDetector.cpp */; settings = {COMPILER_FLAGS = ""; }; };
		54B915133A6F4B749CBA98FF /* pEdgeLine.cpp in Sources */ = {isa = PBXBuildFile; fileRef = 72DB4F1105704F12B6AA2C8E /* pEdgeLine.cpp */; settings = {COMPILER_FLAGS = ""; }; };
		5D0A158FA8A54881B1FA8881 /* plEdge.cpp in Sources */ = {isa = PBXBuildFile; fileRef = 1486F8AE183B458CAF941582 /* plEdge.cpp */; settings = {COMPILER_FLAGS = ""; }; };
		698AEFA163534783814D58D4 /* pEdgeDump.cpp in Sources */ = {isa = PBXBuildFile; fileRef = FE3192A015E943B3B5BDB317 /* pEdgeDump.cpp */; settings = {COMPILER_FLAGS = ""; }; };
		6AEBC714E9E946B5BD881B05 /* pEdgePrm.cpp in Sources */ = {isa = PBXBuildFile; fileRef = 951E32C395AB49EDB43175CB /* pEdgePrm.cpp */; settings = {COMPILER_FLAGS = ""; }; };
		83C4179C3DF7486F9FEAB563 /* pEdgeStatic.cpp in Sources */ = {isa = PBXBuildFile; fileRef = 5DAF4722D8104FB2BA34B577 /* pEdgeStatic.cpp */; settings = {COMPILER_FLAGS = ""; }; };
		C9A22F33BB8F4C1C808259E8 /* RidgeCentering.cpp in Sources */ = {isa = PBXBuildFile; fileRef = 3CBE86D6C67B47FBAC56D896 /* RidgeCentering.cpp */; settings = {COMPILER_FLAGS = ""; }; };
		D03A31CA174E40DF00AE12A1 /* HunchDetector.cpp in Sources */ = {isa = PBXBuildFile; fileRef = D03A31C3174E40DF00AE12A1 /* HunchDetector.cpp */; };
		D03A31CC174E40DF00AE12A1 /* pHunchDetect.cpp in Sources */ = {isa = PBXBuildFile; fileRef = D03A31C6174E40DF00AE12A1 /* pHunchDetect.cpp */; };
		D03A31CD174E40DF00AE12A1 /* pHunchPrm.cpp in Sources */ = {isa = PBXBuildFile; fileRef = D03A31C7174E40DF00AE12A1 /* pHunchPrm.cpp */; };
		D03A31CE174E40DF00AE12A1 /* pHunchTool.cpp in Sources */ = {isa = PBXBuildFile; fileRef = D03A31C8174E40DF00AE12A1 /* pHunchTool.cpp */; };
		D03A31D0175A400C00AE12A1 /* pEdgeSLine.cpp in Sources */ = {isa = PBXBuildFile; fileRef = D03A31CF175A400B00AE12A1 /* pEdgeSLine.cpp */; };
		D0EEE2FB17CA148400AF0AB5 /* plRidge.cpp in Sources */ = {isa = PBXBuildFile; fileRef = D0EEE2E717CA148400AF0AB5 /* plRidge.cpp */; };
		D0EEE2FC17CA148400AF0AB5 /* plRidgeUnion.cpp in Sources */ = {isa = PBXBuildFile; fileRef = D0EEE2E917CA148400AF0AB5 /* plRidgeUnion.cpp */; };
		D0EEE2FD17CA148400AF0AB5 /* pRidgeDetector.cpp in Sources */ = {isa = PBXBuildFile; fileRef = D0EEE2EA17CA148400AF0AB5 /* pRidgeDetector.cpp */; };
		D0EEE2FE17CA148400AF0AB5 /* pRidgeEdgeMask.cpp in Sources */ = {isa = PBXBuildFile; fileRef = D0EEE2EB17CA148400AF0AB5 /* pRidgeEdgeMask.cpp */; };
		D0EEE2FF17CA148400AF0AB5 /* pRidgeLine.cpp in Sources */ = {isa = PBXBuildFile; fileRef = D0EEE2EC17CA148400AF0AB5 /* pRidgeLine.cpp */; };
		D0EEE30017CA148400AF0AB5 /* pRidgeLineN.cpp in Sources */ = {isa = PBXBuildFile; fileRef = D0EEE2ED17CA148400AF0AB5 /* pRidgeLineN.cpp */; };
		D0EEE30117CA148400AF0AB5 /* pRidgeLinking.cpp in Sources */ = {isa = PBXBuildFile; fileRef = D0EEE2EE17CA148400AF0AB5 /* pRidgeLinking.cpp */; };
		D0EEE30217CA148400AF0AB5 /* pRidgeMask.cpp in Sources */ = {isa = PBXBuildFile; fileRef = D0EEE2EF17CA148400AF0AB5 /* pRidgeMask.cpp */; };
		D0EEE30317CA148400AF0AB5 /* pRidgeDetectPrm.cpp in Sources */ = {isa = PBXBuildFile; fileRef = D0EEE2F117CA148400AF0AB5 /* pRidgeDetectPrm.cpp */; };
		D0EEE30417CA148400AF0AB5 /* pRidgeLinePrm.cpp in Sources */ = {isa = PBXBuildFile; fileRef = D0EEE2F217CA148400AF0AB5 /* pRidgeLinePrm.cpp */; };
		D0EEE30517CA148400AF0AB5 /* pRidgePrm.cpp in Sources */ = {isa = PBXBuildFile; fileRef = D0EEE2F317CA148400AF0AB5 /* pRidgePrm.cpp */; };
		D0EEE30617CA148400AF0AB5 /* RidgeCentering.cpp in Sources */ = {isa = PBXBuildFile; fileRef = D0EEE2F617CA148400AF0AB5 /* RidgeCentering.cpp */; };
		D0EEE30717CA148400AF0AB5 /* RidgeDetector.cpp in Sources */ = {isa = PBXBuildFile; fileRef = D0EEE2F717CA148400AF0AB5 /* RidgeDetector.cpp */; };
		D777C50372A0479A818D7B16 /* LineDetector.cpp in Sources */ = {isa = PBXBuildFile; fileRef = 7B4D76319573417AAAA351B7 /* LineDetector.cpp */; settings = {COMPILER_FLAGS = ""; }; };
/* End PBXBuildFile section */

/* Begin PBXFileReference section */
		1486F8AE183B458CAF941582 /* plEdge.cpp */ = {isa = PBXFileReference; fileEncoding = 4; lastKnownFileType = sourcecode.cpp.cpp; name = plEdge.cpp; path = LineDetector/plEdge.cpp; sourceTree = SOURCE_ROOT; };
		1DC1F4B9B89B4FF6AEEFE6C4 /* libEdgeLib.a */ = {isa = PBXFileReference; explicitFileType = archive.ar; path = libEdgeLib.a; sourceTree = BUILT_PRODUCTS_DIR; };
		3CBE86D6C67B47FBAC56D896 /* RidgeCentering.cpp */ = {isa = PBXFileReference; fileEncoding = 4; lastKnownFileType = sourcecode.cpp.cpp; name = RidgeCentering.cpp; path = Ridge/RidgeCentering.cpp; sourceTree = SOURCE_ROOT; };
		40BCB42871B04139A4D84FC7 /* pEdgeDetector.cpp */ = {isa = PBXFileReference; fileEncoding = 4; lastKnownFileType = sourcecode.cpp.cpp; name = pEdgeDetector.cpp; path = LineDetector/pEdgeDetector.cpp; sourceTree = SOURCE_ROOT; };
		52FFE68A9E9143C993343107 /* pEdgeLinking.cpp */ = {isa = PBXFileReference; fileEncoding = 4; lastKnownFileType = sourcecode.cpp.cpp; name = pEdgeLinking.cpp; path = LineDetector/pEdgeLinking.cpp; sourceTree = SOURCE_ROOT; };
		5883A54B52AA4F5196463C60 /* pEdgeType.h */ = {isa = PBXFileReference; fileEncoding = 4; lastKnownFileType = sourcecode.c.h; name = pEdgeType.h; path = LineDetector/pEdgeType.h; sourceTree = SOURCE_ROOT; };
		5DAF4722D8104FB2BA34B577 /* pEdgeStatic.cpp */ = {isa = PBXFileReference; fileEncoding = 4; lastKnownFileType = sourcecode.cpp.cpp; name = pEdgeStatic.cpp; path = LineDetector/pEdgeStatic.cpp; sourceTree = SOURCE_ROOT; };
		67B35EF79A064CEC86FAC020 /* LineDetector.h */ = {isa = PBXFileReference; fileEncoding = 4; lastKnownFileType = sourcecode.c.h; name = LineDetector.h; path = LineDetector/LineDetector.h; sourceTree = SOURCE_ROOT; };
		6BF6653DF0964BCEA202A5AB /* plRidgeType.h */ = {isa = PBXFileReference; fileEncoding = 4; lastKnownFileType = sourcecode.c.h; name = plRidgeType.h; path = Ridge/plRidgeType.h; sourceTree = SOURCE_ROOT; };
		72DB4F1105704F12B6AA2C8E /* pEdgeLine.cpp */ = {isa = PBXFileReference; fileEncoding = 4; lastKnownFileType = sourcecode.cpp.cpp; name = pEdgeLine.cpp; path = LineDetector/pEdgeLine.cpp; sourceTree = SOURCE_ROOT; };
		7912767CF5F44E019C6AFEC2 /* ReadMe.txt */ = {isa = PBXFileReference; fileEncoding = 4; lastKnownFileType = sourcecode.text; path = ReadMe.txt; sourceTree = SOURCE_ROOT; };
		7B4D76319573417AAAA351B7 /* LineDetector.cpp */ = {isa = PBXFileReference; fileEncoding = 4; lastKnownFileType = sourcecode.cpp.cpp; name = LineDetector.cpp; path = LineDetector/LineDetector.cpp; sourceTree = SOURCE_ROOT; };
		951E32C395AB49EDB43175CB /* pEdgePrm.cpp */ = {isa = PBXFileReference; fileEncoding = 4; lastKnownFileType = sourcecode.cpp.cpp; name = pEdgePrm.cpp; path = LineDetector/pEdgePrm.cpp; sourceTree = SOURCE_ROOT; };
		D03A31C3174E40DF00AE12A1 /* HunchDetector.cpp */ = {isa = PBXFileReference; fileEncoding = 4; lastKnownFileType = sourcecode.cpp.cpp; name = HunchDetector.cpp; path = Hunch/HunchDetector.cpp; sourceTree = "<group>"; };
		D03A31C4174E40DF00AE12A1 /* HunchDetector.h */ = {isa = PBXFileReference; fileEncoding = 4; lastKnownFileType = sourcecode.c.h; name = HunchDetector.h; path = Hunch/HunchDetector.h; sourceTree = "<group>"; };
		D03A31C6174E40DF00AE12A1 /* pHunchDetect.cpp */ = {isa = PBXFileReference; fileEncoding = 4; lastKnownFileType = sourcecode.cpp.cpp; name = pHunchDetect.cpp; path = Hunch/pHunchDetect.cpp; sourceTree = "<group>"; };
		D03A31C7174E40DF00AE12A1 /* pHunchPrm.cpp */ = {isa = PBXFileReference; fileEncoding = 4; lastKnownFileType = sourcecode.cpp.cpp; name = pHunchPrm.cpp; path = Hunch/pHunchPrm.cpp; sourceTree = "<group>"; };
		D03A31C8174E40DF00AE12A1 /* pHunchTool.cpp */ = {isa = PBXFileReference; fileEncoding = 4; lastKnownFileType = sourcecode.cpp.cpp; name = pHunchTool.cpp; path = Hunch/pHunchTool.cpp; sourceTree = "<group>"; };
		D03A31C9174E40DF00AE12A1 /* pHunchType.h */ = {isa = PBXFileReference; fileEncoding = 4; lastKnownFileType = sourcecode.c.h; name = pHunchType.h; path = Hunch/pHunchType.h; sourceTree = "<group>"; };
		D03A31CF175A400B00AE12A1 /* pEdgeSLine.cpp */ = {isa = PBXFileReference; fileEncoding = 4; lastKnownFileType = sourcecode.cpp.cpp; name = pEdgeSLine.cpp; path = LineDetector/pEdgeSLine.cpp; sourceTree = "<group>"; };
		D0EEE2E717CA148400AF0AB5 /* plRidge.cpp */ = {isa = PBXFileReference; fileEncoding = 4; lastKnownFileType = sourcecode.cpp.cpp; path = plRidge.cpp; sourceTree = "<group>"; };
		D0EEE2E817CA148400AF0AB5 /* plRidgeType.h */ = {isa = PBXFileReference; fileEncoding = 4; lastKnownFileType = sourcecode.c.h; path = plRidgeType.h; sourceTree = "<group>"; };
		D0EEE2E917CA148400AF0AB5 /* plRidgeUnion.cpp */ = {isa = PBXFileReference; fileEncoding = 4; lastKnownFileType = sourcecode.cpp.cpp; path = plRidgeUnion.cpp; sourceTree = "<group>"; };
		D0EEE2EA17CA148400AF0AB5 /* pRidgeDetector.cpp */ = {isa = PBXFileReference; fileEncoding = 4; lastKnownFileType = sourcecode.cpp.cpp; path = pRidgeDetector.cpp; sourceTree = "<group>"; };
		D0EEE2EB17CA148400AF0AB5 /* pRidgeEdgeMask.cpp */ = {isa = PBXFileReference; fileEncoding = 4; lastKnownFileType = sourcecode.cpp.cpp; path = pRidgeEdgeMask.cpp; sourceTree = "<group>"; };
		D0EEE2EC17CA148400AF0AB5 /* pRidgeLine.cpp */ = {isa = PBXFileReference; fileEncoding = 4; lastKnownFileType = sourcecode.cpp.cpp; path = pRidgeLine.cpp; sourceTree = "<group>"; };
		D0EEE2ED17CA148400AF0AB5 /* pRidgeLineN.cpp */ = {isa = PBXFileReference; fileEncoding = 4; lastKnownFileType = sourcecode.cpp.cpp; path = pRidgeLineN.cpp; sourceTree = "<group>"; };
		D0EEE2EE17CA148400AF0AB5 /* pRidgeLinking.cpp */ = {isa = PBXFileReference; fileEncoding = 4; lastKnownFileType = sourcecode.cpp.cpp; path = pRidgeLinking.cpp; sourceTree = "<group>"; };
		D0EEE2EF17CA148400AF0AB5 /* pRidgeMask.cpp */ = {isa = PBXFileReference; fileEncoding = 4; lastKnownFileType = sourcecode.cpp.cpp; path = pRidgeMask.cpp; sourceTree = "<group>"; };
		D0EEE2F117CA148400AF0AB5 /* pRidgeDetectPrm.cpp */ = {isa = PBXFileReference; fileEncoding = 4; lastKnownFileType = sourcecode.cpp.cpp; path = pRidgeDetectPrm.cpp; sourceTree = "<group>"; };
		D0EEE2F217CA148400AF0AB5 /* pRidgeLinePrm.cpp */ = {isa = PBXFileReference; fileEncoding = 4; lastKnownFileType = sourcecode.cpp.cpp; path = pRidgeLinePrm.cpp; sourceTree = "<group>"; };
		D0EEE2F317CA148400AF0AB5 /* pRidgePrm.cpp */ = {isa = PBXFileReference; fileEncoding = 4; lastKnownFileType = sourcecode.cpp.cpp; path = pRidgePrm.cpp; sourceTree = "<group>"; };
		D0EEE2F417CA148400AF0AB5 /* pRidgePrm.h */ = {isa = PBXFileReference; fileEncoding = 4; lastKnownFileType = sourcecode.c.h; path = pRidgePrm.h; sourceTree = "<group>"; };
		D0EEE2F517CA148400AF0AB5 /* PRidgeType.h */ = {isa = PBXFileReference; fileEncoding = 4; lastKnownFileType = sourcecode.c.h; path = PRidgeType.h; sourceTree = "<group>"; };
		D0EEE2F617CA148400AF0AB5 /* RidgeCentering.cpp */ = {isa = PBXFileReference; fileEncoding = 4; lastKnownFileType = sourcecode.cpp.cpp; path = RidgeCentering.cpp; sourceTree = "<group>"; };
		D0EEE2F717CA148400AF0AB5 /* RidgeDetector.cpp */ = {isa = PBXFileReference; fileEncoding = 4; lastKnownFileType = sourcecode.cpp.cpp; path = RidgeDetector.cpp; sourceTree = "<group>"; };
		D0EEE2F817CA148400AF0AB5 /* RidgeDetector.h */ = {isa = PBXFileReference; fileEncoding = 4; lastKnownFileType = sourcecode.c.h; path = RidgeDetector.h; sourceTree = "<group>"; };
		D93F12C8D0AA47C1B9CF7C0D /* RidgeDetector.h */ = {isa = PBXFileReference; fileEncoding = 4; lastKnownFileType = sourcecode.c.h; name = RidgeDetector.h; path = Ridge/RidgeDetector.h; sourceTree = SOURCE_ROOT; };
		DFC8D9C6F65540AB84B5B73D /* PRidgeType.h */ = {isa = PBXFileReference; fileEncoding = 4; lastKnownFileType = sourcecode.c.h; name = PRidgeType.h; path = Ridge/PRidgeType.h; sourceTree = SOURCE_ROOT; };
		E99DF10F0F1548B0A7426FA1 /* plEdgeType.h */ = {isa = PBXFileReference; fileEncoding = 4; lastKnownFileType = sourcecode.c.h; name = plEdgeType.h; path = LineDetector/plEdgeType.h; sourceTree = SOURCE_ROOT; };
		FDAB82126E294C30AD5F6771 /* pRidgePrm.h */ = {isa = PBXFileReference; fileEncoding = 4; lastKnownFileType = sourcecode.c.h; name = pRidgePrm.h; path = Ridge/pRidgePrm/pRidgePrm.h; sourceTree = SOURCE_ROOT; };
		FE3192A015E943B3B5BDB317 /* pEdgeDump.cpp */ = {isa = PBXFileReference; fileEncoding = 4; lastKnownFileType = sourcecode.cpp.cpp; name = pEdgeDump.cpp; path = LineDetector/pEdgeDump.cpp; sourceTree = SOURCE_ROOT; };
		FED24286622446FCB070DBCF /* RidgeDetector.cpp */ = {isa = PBXFileReference; fileEncoding = 4; lastKnownFileType = sourcecode.cpp.cpp; name = RidgeDetector.cpp; path = Ridge/RidgeDetector.cpp; sourceTree = SOURCE_ROOT; };
/* End PBXFileReference section */

/* Begin PBXGroup section */
		129F45511A7E4A0781FBC97A /* Source Files */ = {
			isa = PBXGroup;
			children = (
				D03A31CF175A400B00AE12A1 /* pEdgeSLine.cpp */,
				7B4D76319573417AAAA351B7 /* LineDetector.cpp */,
				40BCB42871B04139A4D84FC7 /* pEdgeDetector.cpp */,
				FE3192A015E943B3B5BDB317 /* pEdgeDump.cpp */,
				72DB4F1105704F12B6AA2C8E /* pEdgeLine.cpp */,
				52FFE68A9E9143C993343107 /* pEdgeLinking.cpp */,
				951E32C395AB49EDB43175CB /* pEdgePrm.cpp */,
				5DAF4722D8104FB2BA34B577 /* pEdgeStatic.cpp */,
				1486F8AE183B458CAF941582 /* plEdge.cpp */,
				3CBE86D6C67B47FBAC56D896 /* RidgeCentering.cpp */,
				FED24286622446FCB070DBCF /* RidgeDetector.cpp */,
			);
			name = "Source Files";
			sourceTree = "<group>";
		};
		229F062E97F14E3AA2042D4A /* Sources */ = {
			isa = PBXGroup;
			children = (
				BA03EE465A8446F48A1B9FED /* EdgeLib */,
			);
			name = Sources;
			sourceTree = "<group>";
		};
		4FA93D4297384E60B59D6CE4 /* Resources */ = {
			isa = PBXGroup;
			children = (
			);
			name = Resources;
			sourceTree = "<group>";
		};
		5DCE82E1573149409807BE5E /* Header Files */ = {
			isa = PBXGroup;
			children = (
				67B35EF79A064CEC86FAC020 /* LineDetector.h */,
				5883A54B52AA4F5196463C60 /* pEdgeType.h */,
				E99DF10F0F1548B0A7426FA1 /* plEdgeType.h */,
				6BF6653DF0964BCEA202A5AB /* plRidgeType.h */,
				FDAB82126E294C30AD5F6771 /* pRidgePrm.h */,
				DFC8D9C6F65540AB84B5B73D /* PRidgeType.h */,
				D93F12C8D0AA47C1B9CF7C0D /* RidgeDetector.h */,
			);
			name = "Header Files";
			sourceTree = "<group>";
		};
		9DE41353B7FC47C18F7E140C /* Products */ = {
			isa = PBXGroup;
			children = (
				1DC1F4B9B89B4FF6AEEFE6C4 /* libEdgeLib.a */,
			);
			name = Products;
			sourceTree = "<group>";
		};
		A768E4CD5E724409BDD09300 = {
			isa = PBXGroup;
			children = (
				229F062E97F14E3AA2042D4A /* Sources */,
				4FA93D4297384E60B59D6CE4 /* Resources */,
				9DE41353B7FC47C18F7E140C /* Products */,
			);
			sourceTree = "<group>";
		};
		BA03EE465A8446F48A1B9FED /* EdgeLib */ = {
			isa = PBXGroup;
			children = (
				D0EEE2E317CA148400AF0AB5 /* Ridge */,
				D03A31C2174E408900AE12A1 /* Hunch */,
				129F45511A7E4A0781FBC97A /* Source Files */,
				5DCE82E1573149409807BE5E /* Header Files */,
				7912767CF5F44E019C6AFEC2 /* ReadMe.txt */,
			);
			name = EdgeLib;
			sourceTree = "<group>";
		};
		D03A31C2174E408900AE12A1 /* Hunch */ = {
			isa = PBXGroup;
			children = (
				D03A31C3174E40DF00AE12A1 /* HunchDetector.cpp */,
				D03A31C4174E40DF00AE12A1 /* HunchDetector.h */,
				D03A31C6174E40DF00AE12A1 /* pHunchDetect.cpp */,
				D03A31C7174E40DF00AE12A1 /* pHunchPrm.cpp */,
				D03A31C8174E40DF00AE12A1 /* pHunchTool.cpp */,
				D03A31C9174E40DF00AE12A1 /* pHunchType.h */,
			);
			name = Hunch;
			sourceTree = "<group>";
		};
		D0EEE2E317CA148400AF0AB5 /* Ridge */ = {
			isa = PBXGroup;
			children = (
				D0EEE2E717CA148400AF0AB5 /* plRidge.cpp */,
				D0EEE2E817CA148400AF0AB5 /* plRidgeType.h */,
				D0EEE2E917CA148400AF0AB5 /* plRidgeUnion.cpp */,
				D0EEE2EA17CA148400AF0AB5 /* pRidgeDetector.cpp */,
				D0EEE2EB17CA148400AF0AB5 /* pRidgeEdgeMask.cpp */,
				D0EEE2EC17CA148400AF0AB5 /* pRidgeLine.cpp */,
				D0EEE2ED17CA148400AF0AB5 /* pRidgeLineN.cpp */,
				D0EEE2EE17CA148400AF0AB5 /* pRidgeLinking.cpp */,
				D0EEE2EF17CA148400AF0AB5 /* pRidgeMask.cpp */,
				D0EEE2F017CA148400AF0AB5 /* pRidgePrm */,
				D0EEE2F517CA148400AF0AB5 /* PRidgeType.h */,
				D0EEE2F617CA148400AF0AB5 /* RidgeCentering.cpp */,
				D0EEE2F717CA148400AF0AB5 /* RidgeDetector.cpp */,
				D0EEE2F817CA148400AF0AB5 /* RidgeDetector.h */,
			);
			path = Ridge;
			sourceTree = "<group>";
		};
		D0EEE2F017CA148400AF0AB5 /* pRidgePrm */ = {
			isa = PBXGroup;
			children = (
				D0EEE2F117CA148400AF0AB5 /* pRidgeDetectPrm.cpp */,
				D0EEE2F217CA148400AF0AB5 /* pRidgeLinePrm.cpp */,
				D0EEE2F317CA148400AF0AB5 /* pRidgePrm.cpp */,
				D0EEE2F417CA148400AF0AB5 /* pRidgePrm.h */,
			);
			path = pRidgePrm;
			sourceTree = "<group>";
		};
/* End PBXGroup section */

/* Begin PBXNativeTarget section */
		D745E1F1586F462C92C4D734 /* EdgeLib */ = {
			isa = PBXNativeTarget;
			buildConfigurationList = 57EBCDC1E8074B029247CBC3 /* Build configuration list for PBXNativeTarget "EdgeLib" */;
			buildPhases = (
				7898F00194C34D1B8443455A /* Sources */,
				7AE10075DB2E4697828383C8 /* CMake PostBuild Rules */,
			);
			buildRules = (
			);
			dependencies = (
			);
			name = EdgeLib;
			productName = EdgeLib;
			productReference = 1DC1F4B9B89B4FF6AEEFE6C4 /* libEdgeLib.a */;
			productType = "com.apple.product-type.library.static";
		};
/* End PBXNativeTarget section */

/* Begin PBXProject section */
		B0508E50F67F42C3A3167EA6 /* Project object */ = {
			isa = PBXProject;
			attributes = {
				BuildIndependentTargetsInParallel = YES;
			};
			buildConfigurationList = 6317ED51231F4ECEBCC7C3C6 /* Build configuration list for PBXProject "EdgeLib" */;
			compatibilityVersion = "Xcode 3.2";
			developmentRegion = English;
			hasScannedForEncodings = 0;
			knownRegions = (
				en,
			);
			mainGroup = A768E4CD5E724409BDD09300;
			projectDirPath = "";
			projectRoot = "";
			targets = (
				D745E1F1586F462C92C4D734 /* EdgeLib */,
			);
		};
/* End PBXProject section */

/* Begin PBXShellScriptBuildPhase section */
		7AE10075DB2E4697828383C8 /* CMake PostBuild Rules */ = {
			isa = PBXShellScriptBuildPhase;
			buildActionMask = 2147483647;
			files = (
			);
			name = "CMake PostBuild Rules";
			runOnlyForDeploymentPostprocessing = 0;
			shellPath = /bin/sh;
			shellScript = "";
			showEnvVarsInLog = 0;
		};
/* End PBXShellScriptBuildPhase section */

/* Begin PBXSourcesBuildPhase section */
		7898F00194C34D1B8443455A /* Sources */ = {
			isa = PBXSourcesBuildPhase;
			buildActionMask = 2147483647;
			files = (
				D777C50372A0479A818D7B16 /* LineDetector.cpp in Sources */,
				0AA45BAA595449BE969173CB /* pEdgeDetector.cpp in Sources */,
				698AEFA163534783814D58D4 /* pEdgeDump.cpp in Sources */,
				54B915133A6F4B749CBA98FF /* pEdgeLine.cpp in Sources */,
				1EB1B4AC038F455384AB5905 /* pEdgeLinking.cpp in Sources */,
				6AEBC714E9E946B5BD881B05 /* pEdgePrm.cpp in Sources */,
				83C4179C3DF7486F9FEAB563 /* pEdgeStatic.cpp in Sources */,
				5D0A158FA8A54881B1FA8881 /* plEdge.cpp in Sources */,
				C9A22F33BB8F4C1C808259E8 /* RidgeCentering.cpp in Sources */,
				34954110D0E244BAA9D4E61C /* RidgeDetector.cpp in Sources */,
				D03A31CA174E40DF00AE12A1 /* HunchDetector.cpp in Sources */,
				D03A31CC174E40DF00AE12A1 /* pHunchDetect.cpp in Sources */,
				D03A31CD174E40DF00AE12A1 /* pHunchPrm.cpp in Sources */,
				D03A31CE174E40DF00AE12A1 /* pHunchTool.cpp in Sources */,
				D03A31D0175A400C00AE12A1 /* pEdgeSLine.cpp in Sources */,
				D0EEE2FB17CA148400AF0AB5 /* plRidge.cpp in Sources */,
				D0EEE2FC17CA148400AF0AB5 /* plRidgeUnion.cpp in Sources */,
				D0EEE2FD17CA148400AF0AB5 /* pRidgeDetector.cpp in Sources */,
				D0EEE2FE17CA148400AF0AB5 /* pRidgeEdgeMask.cpp in Sources */,
				D0EEE2FF17CA148400AF0AB5 /* pRidgeLine.cpp in Sources */,
				D0EEE30017CA148400AF0AB5 /* pRidgeLineN.cpp in Sources */,
				D0EEE30117CA148400AF0AB5 /* pRidgeLinking.cpp in Sources */,
				D0EEE30217CA148400AF0AB5 /* pRidgeMask.cpp in Sources */,
				D0EEE30317CA148400AF0AB5 /* pRidgeDetectPrm.cpp in Sources */,
				D0EEE30417CA148400AF0AB5 /* pRidgeLinePrm.cpp in Sources */,
				D0EEE30517CA148400AF0AB5 /* pRidgePrm.cpp in Sources */,
				D0EEE30617CA148400AF0AB5 /* RidgeCentering.cpp in Sources */,
				D0EEE30717CA148400AF0AB5 /* RidgeDetector.cpp in Sources */,
			);
			runOnlyForDeploymentPostprocessing = 0;
		};
/* End PBXSourcesBuildPhase section */

/* Begin XCBuildConfiguration section */
		19051445D92B4DA5875CA94D /* Release */ = {
			isa = XCBuildConfiguration;
			buildSettings = {
				ARCHS = "$(ARCHS_STANDARD_32_BIT)";
				CONFIGURATION_BUILD_DIR = "../lib/$(CONFIGURATION)$(EFFECTIVE_PLATFORM_NAME)";
				IPHONEOS_DEPLOYMENT_TARGET = 8.1;
				ONLY_ACTIVE_ARCH = NO;
				SDKROOT = iphoneos;
				SYMROOT = /Users/shayrootman/Documents/_work/Gp_Vim/Edge/EdgeLib/build;
			};
			name = Release;
		};
		3725C8A7D48F4E1884753914 /* MinSizeRel */ = {
			isa = XCBuildConfiguration;
			buildSettings = {
				ARCHS = "$(ARCHS_STANDARD_32_BIT)";
				IPHONEOS_DEPLOYMENT_TARGET = 8.1;
				ONLY_ACTIVE_ARCH = NO;
				SDKROOT = iphoneos;
				SYMROOT = /Users/shayrootman/Documents/_work/Gp_Vim/Edge/EdgeLib/build;
			};
			name = MinSizeRel;
		};
		5F53C4573D42413FB3ED7DA9 /* RelWithDebInfo */ = {
			isa = XCBuildConfiguration;
			buildSettings = {
				ARCHS = "$(ARCHS_STANDARD_32_BIT)";
				IPHONEOS_DEPLOYMENT_TARGET = 8.1;
				ONLY_ACTIVE_ARCH = NO;
				SDKROOT = iphoneos;
				SYMROOT = /Users/shayrootman/Documents/_work/Gp_Vim/Edge/EdgeLib/build;
			};
			name = RelWithDebInfo;
		};
		7D59F36C95FB43D0AD34EDC0 /* RelWithDebInfo */ = {
			isa = XCBuildConfiguration;
			buildSettings = {
				ARCHS = "$(ARCHS_STANDARD)";
				EXECUTABLE_PREFIX = lib;
				EXECUTABLE_SUFFIX = .a;
				GCC_GENERATE_DEBUGGING_SYMBOLS = YES;
				GCC_INLINES_ARE_PRIVATE_EXTERN = NO;
				GCC_OPTIMIZATION_LEVEL = 2;
				GCC_PREPROCESSOR_DEFINITIONS = "";
				GCC_SYMBOLS_PRIVATE_EXTERN = NO;
				HEADER_SEARCH_PATHS = (
					..,
					../../Core/ImageLib,
					../../Core/Util,
					../../VimGui,
					../../Tracking,
				);
				INSTALL_PATH = "";
				LIBRARY_STYLE = STATIC;
				OTHER_CFLAGS = "";
				OTHER_CPLUSPLUSFLAGS = "";
				OTHER_LDFLAGS = "";
				OTHER_REZFLAGS = "";
				PRODUCT_NAME = EdgeLib;
				SECTORDER_FLAGS = "";
				SYMROOT = ../Edge/EdgeLib;
				USE_HEADERMAP = NO;
				WARNING_CFLAGS = (
					"-Wmost",
					"-Wno-four-char-constants",
					"-Wno-unknown-pragmas",
				);
			};
			name = RelWithDebInfo;
		};
		8A2D55ECB65647F4A9114B00 /* MinSizeRel */ = {
			isa = XCBuildConfiguration;
			buildSettings = {
				ARCHS = "$(ARCHS_STANDARD)";
				EXECUTABLE_PREFIX = lib;
				EXECUTABLE_SUFFIX = .a;
				GCC_GENERATE_DEBUGGING_SYMBOLS = NO;
				GCC_INLINES_ARE_PRIVATE_EXTERN = NO;
				GCC_OPTIMIZATION_LEVEL = s;
				GCC_PREPROCESSOR_DEFINITIONS = "";
				GCC_SYMBOLS_PRIVATE_EXTERN = NO;
				HEADER_SEARCH_PATHS = (
					..,
					../../Core/ImageLib,
					../../Core/Util,
					../../VimGui,
					../../Tracking,
				);
				INSTALL_PATH = "";
				LIBRARY_STYLE = STATIC;
				OTHER_CFLAGS = "-DNDEBUG";
				OTHER_CPLUSPLUSFLAGS = "-DNDEBUG";
				OTHER_LDFLAGS = "";
				OTHER_REZFLAGS = "";
				PRODUCT_NAME = EdgeLib;
				SECTORDER_FLAGS = "";
				SYMROOT = ../Edge/EdgeLib;
				USE_HEADERMAP = NO;
				WARNING_CFLAGS = (
					"-Wmost",
					"-Wno-four-char-constants",
					"-Wno-unknown-pragmas",
				);
			};
			name = MinSizeRel;
		};
		A3E89E5BA3E34BCD8954A0C4 /* Release */ = {
			isa = XCBuildConfiguration;
			buildSettings = {
				ARCHS = "$(ARCHS_STANDARD)";
				EXECUTABLE_PREFIX = lib;
				EXECUTABLE_SUFFIX = .a;
				GCC_GENERATE_DEBUGGING_SYMBOLS = NO;
				GCC_INLINES_ARE_PRIVATE_EXTERN = NO;
				GCC_OPTIMIZATION_LEVEL = 3;
				GCC_PREPROCESSOR_DEFINITIONS = "";
				GCC_SYMBOLS_PRIVATE_EXTERN = NO;
				HEADER_SEARCH_PATHS = (
					..,
					../../Core/ImageLib,
					../../Core/Util,
					../../VimGui,
					../../Tracking,
				);
				INSTALL_PATH = "";
				LIBRARY_STYLE = STATIC;
				OTHER_CFLAGS = "-DNDEBUG";
				OTHER_CPLUSPLUSFLAGS = "-DNDEBUG";
				OTHER_LDFLAGS = "";
				OTHER_REZFLAGS = "";
				PRODUCT_NAME = EdgeLib;
				SECTORDER_FLAGS = "";
				SYMROOT = ../Edge/EdgeLib;
				USE_HEADERMAP = NO;
				WARNING_CFLAGS = (
					"-Wmost",
					"-Wno-four-char-constants",
					"-Wno-unknown-pragmas",
				);
			};
			name = Release;
		};
		AF15C8D364154C9189B9D3E9 /* Debug */ = {
			isa = XCBuildConfiguration;
			buildSettings = {
				ARCHS = "$(ARCHS_STANDARD)";
				EXECUTABLE_PREFIX = lib;
				EXECUTABLE_SUFFIX = .a;
				GCC_GENERATE_DEBUGGING_SYMBOLS = YES;
				GCC_INLINES_ARE_PRIVATE_EXTERN = NO;
				GCC_OPTIMIZATION_LEVEL = 0;
				GCC_PREPROCESSOR_DEFINITIONS = "";
				GCC_SYMBOLS_PRIVATE_EXTERN = NO;
				HEADER_SEARCH_PATHS = (
					..,
					../../Core/ImageLib,
					../../Core/Util,
					../../VimGui,
					../../Tracking,
				);
				INSTALL_PATH = "";
				LIBRARY_STYLE = STATIC;
				OTHER_CFLAGS = "";
				OTHER_CPLUSPLUSFLAGS = "";
				OTHER_LDFLAGS = "";
				OTHER_REZFLAGS = "";
				PRODUCT_NAME = EdgeLib;
				SECTORDER_FLAGS = "";
				SYMROOT = ../Edge/EdgeLib;
				USE_HEADERMAP = NO;
				WARNING_CFLAGS = (
					"-Wmost",
					"-Wno-four-char-constants",
					"-Wno-unknown-pragmas",
				);
			};
			name = Debug;
		};
		C93426A19C8B4EF787A55DAF /* Debug */ = {
			isa = XCBuildConfiguration;
			buildSettings = {
				ARCHS = "$(ARCHS_STANDARD_32_BIT)";
				CONFIGURATION_BUILD_DIR = "../lib/$(CONFIGURATION)$(EFFECTIVE_PLATFORM_NAME)";
				IPHONEOS_DEPLOYMENT_TARGET = 8.1;
				ONLY_ACTIVE_ARCH = NO;
				SDKROOT = iphoneos;
				SYMROOT = /Users/shayrootman/Documents/_work/Gp_Vim/Edge/EdgeLib/build;
			};
			name = Debug;
		};
/* End XCBuildConfiguration section */

/* Begin XCConfigurationList section */
		57EBCDC1E8074B029247CBC3 /* Build configuration list for PBXNativeTarget "EdgeLib" */ = {
			isa = XCConfigurationList;
			buildConfigurations = (
				AF15C8D364154C9189B9D3E9 /* Debug */,
				A3E89E5BA3E34BCD8954A0C4 /* Release */,
				8A2D55ECB65647F4A9114B00 /* MinSizeRel */,
				7D59F36C95FB43D0AD34EDC0 /* RelWithDebInfo */,
			);
			defaultConfigurationIsVisible = 0;
			defaultConfigurationName = Debug;
		};
		6317ED51231F4ECEBCC7C3C6 /* Build configuration list for PBXProject "EdgeLib" */ = {
			isa = XCConfigurationList;
			buildConfigurations = (
				C93426A19C8B4EF787A55DAF /* Debug */,
				19051445D92B4DA5875CA94D /* Release */,
				3725C8A7D48F4E1884753914 /* MinSizeRel */,
				5F53C4573D42413FB3ED7DA9 /* RelWithDebInfo */,
			);
			defaultConfigurationIsVisible = 0;
			defaultConfigurationName = Debug;
		};
/* End XCConfigurationList section */
	};
	rootObject = B0508E50F67F42C3A3167EA6 /* Project object */;
}
